
Microsoft Visual Studio Solution File, Format Version 12.00
# Visual Studio Version 17
VisualStudioVersion = 17.12.35527.113 d17.12
MinimumVisualStudioVersion = 10.0.40219.1
Project("{FAE04EC0-301F-11D3-BF4B-00C04F79EFBC}") = "Customer-And-Orders.API", "Customer-And-Orders.API\Customer-And-Orders.API.csproj", "{6AD61934-B265-4E0E-A9ED-2CF1B223B523}"
EndProject
Project("{FAE04EC0-301F-11D3-BF4B-00C04F79EFBC}") = "Customer-And-Orders.BAL", "Customer-And-Orders.BAL\Customer-And-Orders.BAL.csproj", "{48B44692-3B0C-4AFF-B093-FBF090F00851}"
EndProject
Project("{FAE04EC0-301F-11D3-BF4B-00C04F79EFBC}") = "Customer-And-Orders.DAL", "Customer-And-Orders.DAL\Customer-And-Orders.DAL.csproj", "{8220E462-68E4-4509-8184-E6C774F39875}"
EndProject
Global
	GlobalSection(SolutionConfigurationPlatforms) = preSolution
		Debug|Any CPU = Debug|Any CPU
		Release|Any CPU = Release|Any CPU
	EndGlobalSection
	GlobalSection(ProjectConfigurationPlatforms) = postSolution
		{6AD61934-B265-4E0E-A9ED-2CF1B223B523}.Debug|Any CPU.ActiveCfg = Debug|Any CPU
		{6AD61934-B265-4E0E-A9ED-2CF1B223B523}.Debug|Any CPU.Build.0 = Debug|Any CPU
		{6AD61934-B265-4E0E-A9ED-2CF1B223B523}.Release|Any CPU.ActiveCfg = Release|Any CPU
		{6AD61934-B265-4E0E-A9ED-2CF1B223B523}.Release|Any CPU.Build.0 = Release|Any CPU
		{48B44692-3B0C-4AFF-B093-FBF090F00851}.Debug|Any CPU.ActiveCfg = Debug|Any CPU
		{48B44692-3B0C-4AFF-B093-FBF090F00851}.Debug|Any CPU.Build.0 = Debug|Any CPU
		{48B44692-3B0C-4AFF-B093-FBF090F00851}.Release|Any CPU.ActiveCfg = Release|Any CPU
		{48B44692-3B0C-4AFF-B093-FBF090F00851}.Release|Any CPU.Build.0 = Release|Any CPU
		{8220E462-68E4-4509-8184-E6C774F39875}.Debug|Any CPU.ActiveCfg = Debug|Any CPU
		{8220E462-68E4-4509-8184-E6C774F39875}.Debug|Any CPU.Build.0 = Debug|Any CPU
		{8220E462-68E4-4509-8184-E6C774F39875}.Release|Any CPU.ActiveCfg = Release|Any CPU
		{8220E462-68E4-4509-8184-E6C774F39875}.Release|Any CPU.Build.0 = Release|Any CPU
	EndGlobalSection
	GlobalSection(SolutionProperties) = preSolution
		HideSolutionNode = FALSE
	EndGlobalSection
EndGlobal
